
Microsoft Visual Studio Solution File, Format Version 12.00
# Visual Studio 15
VisualStudioVersion = 15.0.28307.1169
MinimumVisualStudioVersion = 10.0.40219.1
Project("{FAE04EC0-301F-11D3-BF4B-00C04F79EFBC}") = "TrackerLibrary", "TrackerLibrary\TrackerLibrary.csproj", "{98940BE3-BB29-4A2B-A812-741DFF83D518}"
EndProject
Project("{FAE04EC0-301F-11D3-BF4B-00C04F79EFBC}") = "TrackerUI", "TrackerUI\TrackerUI.csproj", "{8AF9C2F7-8B74-4658-93F9-4DAD2C1E02BF}"
EndProject
Global
	GlobalSection(SolutionConfigurationPlatforms) = preSolution
		Debug|Any CPU = Debug|Any CPU
		Release|Any CPU = Release|Any CPU
	EndGlobalSection
	GlobalSection(ProjectConfigurationPlatforms) = postSolution
		{98940BE3-BB29-4A2B-A812-741DFF83D518}.Debug|Any CPU.ActiveCfg = Debug|Any CPU
		{98940BE3-BB29-4A2B-A812-741DFF83D518}.Debug|Any CPU.Build.0 = Debug|Any CPU
		{98940BE3-BB29-4A2B-A812-741DFF83D518}.Release|Any CPU.ActiveCfg = Release|Any CPU
		{98940BE3-BB29-4A2B-A812-741DFF83D518}.Release|Any CPU.Build.0 = Release|Any CPU
		{8AF9C2F7-8B74-4658-93F9-4DAD2C1E02BF}.Debug|Any CPU.ActiveCfg = Debug|Any CPU
		{8AF9C2F7-8B74-4658-93F9-4DAD2C1E02BF}.Debug|Any CPU.Build.0 = Debug|Any CPU
		{8AF9C2F7-8B74-4658-93F9-4DAD2C1E02BF}.Release|Any CPU.ActiveCfg = Release|Any CPU
		{8AF9C2F7-8B74-4658-93F9-4DAD2C1E02BF}.Release|Any CPU.Build.0 = Release|Any CPU
	EndGlobalSection
	GlobalSection(SolutionProperties) = preSolution
		HideSolutionNode = FALSE
	EndGlobalSection
	GlobalSection(ExtensibilityGlobals) = postSolution
		SolutionGuid = {9340BDB5-36C2-46C6-A2A9-96F4EE04875C}
	EndGlobalSection
EndGlobal
